// !$*UTF8*$!
{
	archiveVersion = 1;
	classes = {
	};
	objectVersion = 46;
	objects = {

/* Begin PBXBuildFile section */
		88B1D7BB1A159BE400F02BB1 /* ViewController.swift in Sources */ = {isa = PBXBuildFile; fileRef = 88B1D7BA1A159BE400F02BB1 /* ViewController.swift */; };
		88B1D7BE1A159BE400F02BB1 /* Main.storyboard in Resources */ = {isa = PBXBuildFile; fileRef = 88B1D7BC1A159BE400F02BB1 /* Main.storyboard */; };
		88B1D7C01A159BE400F02BB1 /* Images.xcassets in Resources */ = {isa = PBXBuildFile; fileRef = 88B1D7BF1A159BE400F02BB1 /* Images.xcassets */; };
		88B1D7C31A159BE400F02BB1 /* LaunchScreen.xib in Resources */ = {isa = PBXBuildFile; fileRef = 88B1D7C11A159BE400F02BB1 /* LaunchScreen.xib */; };
		88B1D7CF1A159BE400F02BB1 /* RGB_SlidersTests.swift in Sources */ = {isa = PBXBuildFile; fileRef = 88B1D7CE1A159BE400F02BB1 /* RGB_SlidersTests.swift */; };
/* End PBXBuildFile section */

/* Begin PBXContainerItemProxy section */
		88B1D7C91A159BE400F02BB1 /* PBXContainerItemProxy */ = {
			isa = PBXContainerItemProxy;
			containerPortal = 88B1D7AB1A159BE400F02BB1 /* Project object */;
			proxyType = 1;
			remoteGlobalIDString = 88B1D7B21A159BE400F02BB1;
			remoteInfo = "RGB Sliders";
		};
/* End PBXContainerItemProxy section */

/* Begin PBXFileReference section */
		88B1D7B31A159BE400F02BB1 /* RGB Sliders.app */ = {isa = PBXFileReference; explicitFileType = wrapper.application; includeInIndex = 0; path = "RGB Sliders.app"; sourceTree = BUILT_PRODUCTS_DIR; };
		88B1D7B71A159BE400F02BB1 /* Info.plist */ = {isa = PBXFileReference; lastKnownFileType = text.plist.xml; path = Info.plist; sourceTree = "<group>"; };
		88B1D7B81A159BE400F02BB1 /* AppDelegate.swift */ = {isa = PBXFileReference; lastKnownFileType = sourcecode.swift; path = AppDelegate.swift; sourceTree = "<group>"; };
		88B1D7BA1A159BE400F02BB1 /* ViewController.swift */ = {isa = PBXFileReference; lastKnownFileType = sourcecode.swift; path = ViewController.swift; sourceTree = "<group>"; };
		88B1D7BD1A159BE400F02BB1 /* Base */ = {isa = PBXFileReference; lastKnownFileType = file.storyboard; name = Base; path = Base.lproj/Main.storyboard; sourceTree = "<group>"; };
		88B1D7BF1A159BE400F02BB1 /* Images.xcassets */ = {isa = PBXFileReference; lastKnownFileType = folder.assetcatalog; path = Images.xcassets; sourceTree = "<group>"; };
		88B1D7C21A159BE400F02BB1 /* Base */ = {isa = PBXFileReference; lastKnownFileType = file.xib; name = Base; path = Base.lproj/LaunchScreen.xib; sourceTree = "<group>"; };
		88B1D7C81A159BE400F02BB1 /* RGB SlidersTests.xctest */ = {isa = PBXFileReference; explicitFileType = wrapper.cfbundle; includeInIndex = 0; path = "RGB SlidersTests.xctest"; sourceTree = BUILT_PRODUCTS_DIR; };
		88B1D7CD1A159BE400F02BB1 /* Info.plist */ = {isa = PBXFileReference; lastKnownFileType = text.plist.xml; path = Info.plist; sourceTree = "<group>"; };
		88B1D7CE1A159BE400F02BB1 /* RGB_SlidersTests.swift */ = {isa = PBXFileReference; lastKnownFileType = sourcecode.swift; path = RGB_SlidersTests.swift; sourceTree = "<group>"; };
/* End PBXFileReference section */

/* Begin PBXFrameworksBuildPhase section */
		88B1D7B01A159BE400F02BB1 /* Frameworks */ = {
			isa = PBXFrameworksBuildPhase;
			buildActionMask = 2147483647;
			files = (
			);
			runOnlyForDeploymentPostprocessing = 0;
		};
		88B1D7C51A159BE400F02BB1 /* Frameworks */ = {
			isa = PBXFrameworksBuildPhase;
			buildActionMask = 2147483647;
			files = (
			);
			runOnlyForDeploymentPostprocessing = 0;
		};
/* End PBXFrameworksBuildPhase section */

/* Begin PBXGroup section */
		88B1D7AA1A159BE400F02BB1 = {
			isa = PBXGroup;
			children = (
				88B1D7B51A159BE400F02BB1 /* RGB Sliders */,
				88B1D7CB1A159BE400F02BB1 /* RGB SlidersTests */,
				88B1D7B41A159BE400F02BB1 /* Products */,
			);
			sourceTree = "<group>";
		};
		88B1D7B41A159BE400F02BB1 /* Products */ = {
			isa = PBXGroup;
			children = (
				88B1D7B31A159BE400F02BB1 /* RGB Sliders.app */,
				88B1D7C81A159BE400F02BB1 /* RGB SlidersTests.xctest */,
			);
			name = Products;
			sourceTree = "<group>";
		};
		88B1D7B51A159BE400F02BB1 /* RGB Sliders */ = {
			isa = PBXGroup;
			children = (
				88B1D7B81A159BE400F02BB1 /* AppDelegate.swift */,
				88B1D7BA1A159BE400F02BB1 /* ViewController.swift */,
				88B1D7BC1A159BE400F02BB1 /* Main.storyboard */,
				88B1D7BF1A159BE400F02BB1 /* Images.xcassets */,
				88B1D7C11A159BE400F02BB1 /* LaunchScreen.xib */,
				88B1D7B61A159BE400F02BB1 /* Supporting Files */,
			);
			path = "RGB Sliders";
			sourceTree = "<group>";
		};
		88B1D7B61A159BE400F02BB1 /* Supporting Files */ = {
			isa = PBXGroup;
			children = (
				88B1D7B71A159BE400F02BB1 /* Info.plist */,
			);
			name = "Supporting Files";
			sourceTree = "<group>";
		};
		88B1D7CB1A159BE400F02BB1 /* RGB SlidersTests */ = {
			isa = PBXGroup;
			children = (
				88B1D7CE1A159BE400F02BB1 /* RGB_SlidersTests.swift */,
				88B1D7CC1A159BE400F02BB1 /* Supporting Files */,
			);
			path = "RGB SlidersTests";
			sourceTree = "<group>";
		};
		88B1D7CC1A159BE400F02BB1 /* Supporting Files */ = {
			isa = PBXGroup;
			children = (
				88B1D7CD1A159BE400F02BB1 /* Info.plist */,
			);
			name = "Supporting Files";
			sourceTree = "<group>";
		};
/* End PBXGroup section */

/* Begin PBXNativeTarget section */
		88B1D7B21A159BE400F02BB1 /* RGB Sliders */ = {
			isa = PBXNativeTarget;
			buildConfigurationList = 88B1D7D21A159BE400F02BB1 /* Build configuration list for PBXNativeTarget "RGB Sliders" */;
			buildPhases = (
				88B1D7AF1A159BE400F02BB1 /* Sources */,
				88B1D7B01A159BE400F02BB1 /* Frameworks */,
				88B1D7B11A159BE400F02BB1 /* Resources */,
			);
			buildRules = (
			);
			dependencies = (
			);
			name = "RGB Sliders";
			productName = "RGB Sliders";
			productReference = 88B1D7B31A159BE400F02BB1 /* RGB Sliders.app */;
			productType = "com.apple.product-type.application";
		};
		88B1D7C71A159BE400F02BB1 /* RGB SlidersTests */ = {
			isa = PBXNativeTarget;
			buildConfigurationList = 88B1D7D51A159BE400F02BB1 /* Build configuration list for PBXNativeTarget "RGB SlidersTests" */;
			buildPhases = (
				88B1D7C41A159BE400F02BB1 /* Sources */,
				88B1D7C51A159BE400F02BB1 /* Frameworks */,
				88B1D7C61A159BE400F02BB1 /* Resources */,
			);
			buildRules = (
			);
			dependencies = (
				88B1D7CA1A159BE400F02BB1 /* PBXTargetDependency */,
			);
			name = "RGB SlidersTests";
			productName = "RGB SlidersTests";
			productReference = 88B1D7C81A159BE400F02BB1 /* RGB SlidersTests.xctest */;
			productType = "com.apple.product-type.bundle.unit-test";
		};
/* End PBXNativeTarget section */

/* Begin PBXProject section */
		88B1D7AB1A159BE400F02BB1 /* Project object */ = {
			isa = PBXProject;
			attributes = {
				LastUpgradeCheck = 0610;
				ORGANIZATIONNAME = "Louis Konig";
				TargetAttributes = {
					88B1D7B21A159BE400F02BB1 = {
						CreatedOnToolsVersion = 6.1;
					};
					88B1D7C71A159BE400F02BB1 = {
						CreatedOnToolsVersion = 6.1;
						TestTargetID = 88B1D7B21A159BE400F02BB1;
					};
				};
			};
			buildConfigurationList = 88B1D7AE1A159BE400F02BB1 /* Build configuration list for PBXProject "RGB Sliders" */;
			compatibilityVersion = "Xcode 3.2";
			developmentRegion = English;
			hasScannedForEncodings = 0;
			knownRegions = (
				en,
				Base,
			);
			mainGroup = 88B1D7AA1A159BE400F02BB1;
			productRefGroup = 88B1D7B41A159BE400F02BB1 /* Products */;
			projectDirPath = "";
			projectRoot = "";
			targets = (
				88B1D7B21A159BE400F02BB1 /* RGB Sliders */,
				88B1D7C71A159BE400F02BB1 /* RGB SlidersTests */,
			);
		};
/* End PBXProject section */

/* Begin PBXResourcesBuildPhase section */
		88B1D7B11A159BE400F02BB1 /* Resources */ = {
			isa = PBXResourcesBuildPhase;
			buildActionMask = 2147483647;
			files = (
				88B1D7BE1A159BE400F02BB1 /* Main.storyboard in Resources */,
				88B1D7C31A159BE400F02BB1 /* LaunchScreen.xib in Resources */,
				88B1D7C01A159BE400F02BB1 /* Images.xcassets in Resources */,
			);
			runOnlyForDeploymentPostprocessing = 0;
		};
		88B1D7C61A159BE400F02BB1 /* Resources */ = {
			isa = PBXResourcesBuildPhase;
			buildActionMask = 2147483647;
			files = (
			);
			runOnlyForDeploymentPostprocessing = 0;
		};
/* End PBXResourcesBuildPhase section */

/* Begin PBXSourcesBuildPhase section */
		88B1D7AF1A159BE400F02BB1 /* Sources */ = {
			isa = PBXSourcesBuildPhase;
			buildActionMask = 2147483647;
			files = (
				88B1D7BB1A159BE400F02BB1 /* ViewController.swift in Sources */,
			);
			runOnlyForDeploymentPostprocessing = 0;
		};
		88B1D7C41A159BE400F02BB1 /* Sources */ = {
			isa = PBXSourcesBuildPhase;
			buildActionMask = 2147483647;
			files = (
				88B1D7CF1A159BE400F02BB1 /* RGB_SlidersTests.swift in Sources */,
			);
			runOnlyForDeploymentPostprocessing = 0;
		};
/* End PBXSourcesBuildPhase section */

/* Begin PBXTargetDependency section */
		88B1D7CA1A159BE400F02BB1 /* PBXTargetDependency */ = {
			isa = PBXTargetDependency;
			target = 88B1D7B21A159BE400F02BB1 /* RGB Sliders */;
			targetProxy = 88B1D7C91A159BE400F02BB1 /* PBXContainerItemProxy */;
		};
/* End PBXTargetDependency section */

/* Begin PBXVariantGroup section */
		88B1D7BC1A159BE400F02BB1 /* Main.storyboard */ = {
			isa = PBXVariantGroup;
			children = (
				88B1D7BD1A159BE400F02BB1 /* Base */,
			);
			name = Main.storyboard;
			sourceTree = "<group>";
		};
		88B1D7C11A159BE400F02BB1 /* LaunchScreen.xib */ = {
			isa = PBXVariantGroup;
			children = (
				88B1D7C21A159BE400F02BB1 /* Base */,
			);
			name = LaunchScreen.xib;
			sourceTree = "<group>";
		};
/* End PBXVariantGroup section */

/* Begin XCBuildConfiguration section */
		88B1D7D01A159BE400F02BB1 /* Debug */ = {
			isa = XCBuildConfiguration;
			buildSettings = {
				ALWAYS_SEARCH_USER_PATHS = NO;
				CLANG_CXX_LANGUAGE_STANDARD = "gnu++0x";
				CLANG_CXX_LIBRARY = "libc++";
				CLANG_ENABLE_MODULES = YES;
				CLANG_ENABLE_OBJC_ARC = YES;
				CLANG_WARN_BOOL_CONVERSION = YES;
				CLANG_WARN_CONSTANT_CONVERSION = YES;
				CLANG_WARN_DIRECT_OBJC_ISA_USAGE = YES_ERROR;
				CLANG_WARN_EMPTY_BODY = YES;
				CLANG_WARN_ENUM_CONVERSION = YES;
				CLANG_WARN_INT_CONVERSION = YES;
				CLANG_WARN_OBJC_ROOT_CLASS = YES_ERROR;
				CLANG_WARN_UNREACHABLE_CODE = YES;
				CLANG_WARN__DUPLICATE_METHOD_MATCH = YES;
				"CODE_SIGN_IDENTITY[sdk=iphoneos*]" = "iPhone Developer";
				COPY_PHASE_STRIP = NO;
				ENABLE_STRICT_OBJC_MSGSEND = YES;
				GCC_C_LANGUAGE_STANDARD = gnu99;
				GCC_DYNAMIC_NO_PIC = NO;
				GCC_OPTIMIZATION_LEVEL = 0;
				GCC_PREPROCESSOR_DEFINITIONS = (
					"DEBUG=1",
					"$(inherited)",
				);
				GCC_SYMBOLS_PRIVATE_EXTERN = NO;
				GCC_WARN_64_TO_32_BIT_CONVERSION = YES;
				GCC_WARN_ABOUT_RETURN_TYPE = YES_ERROR;
				GCC_WARN_UNDECLARED_SELECTOR = YES;
				GCC_WARN_UNINITIALIZED_AUTOS = YES_AGGRESSIVE;
				GCC_WARN_UNUSED_FUNCTION = YES;
				GCC_WARN_UNUSED_VARIABLE = YES;
				IPHONEOS_DEPLOYMENT_TARGET = 8.1;
				MTL_ENABLE_DEBUG_INFO = YES;
				ONLY_ACTIVE_ARCH = YES;
				SDKROOT = iphoneos;
				SWIFT_OPTIMIZATION_LEVEL = "-Onone";
			};
			name = Debug;
		};
		88B1D7D11A159BE400F02BB1 /* Release */ = {
			isa = XCBuildConfiguration;
			buildSettings = {
				ALWAYS_SEARCH_USER_PATHS = NO;
				CLANG_CXX_LANGUAGE_STANDARD = "gnu++0x";
				CLANG_CXX_LIBRARY = "libc++";
				CLANG_ENABLE_MODULES = YES;
				CLANG_ENABLE_OBJC_ARC = YES;
				CLANG_WARN_BOOL_CONVERSION = YES;
				CLANG_WARN_CONSTANT_CONVERSION = YES;
				CLANG_WARN_DIRECT_OBJC_ISA_USAGE = YES_ERROR;
				CLANG_WARN_EMPTY_BODY = YES;
				CLANG_WARN_ENUM_CONVERSION = YES;
				CLANG_WARN_INT_CONVERSION = YES;
				CLANG_WARN_OBJC_ROOT_CLASS = YES_ERROR;
				CLANG_WARN_UNREACHABLE_CODE = YES;
				CLANG_WARN__DUPLICATE_METHOD_MATCH = YES;
				"CODE_SIGN_IDENTITY[sdk=iphoneos*]" = "iPhone Developer";
				COPY_PHASE_STRIP = YES;
				ENABLE_NS_ASSERTIONS = NO;
				ENABLE_STRICT_OBJC_MSGSEND = YES;
				GCC_C_LANGUAGE_STANDARD = gnu99;
				GCC_WARN_64_TO_32_BIT_CONVERSION = YES;
				GCC_WARN_ABOUT_RETURN_TYPE = YES_ERROR;
				GCC_WARN_UNDECLARED_SELECTOR = YES;
				GCC_WARN_UNINITIALIZED_AUTOS = YES_AGGRESSIVE;
				GCC_WARN_UNUSED_FUNCTION = YES;
				GCC_WARN_UNUSED_VARIABLE = YES;
				IPHONEOS_DEPLOYMENT_TARGET = 8.1;
				MTL_ENABLE_DEBUG_INFO = NO;
				SDKROOT = iphoneos;
				VALIDATE_PRODUCT = YES;
			};
			name = Release;
		};
		88B1D7D31A159BE400F02BB1 /* Debug */ = {
			isa = XCBuildConfiguration;
			buildSettings = {
				ASSETCATALOG_COMPILER_APPICON_NAME = AppIcon;
				INFOPLIST_FILE = "RGB Sliders/Info.plist";
				LD_RUNPATH_SEARCH_PATHS = "$(inherited) @executable_path/Frameworks";
				PRODUCT_NAME = "$(TARGET_NAME)";
			};
			name = Debug;
		};
		88B1D7D41A159BE400F02BB1 /* Release */ = {
			isa = XCBuildConfiguration;
			buildSettings = {
				ASSETCATALOG_COMPILER_APPICON_NAME = AppIcon;
				INFOPLIST_FILE = "RGB Sliders/Info.plist";
				LD_RUNPATH_SEARCH_PATHS = "$(inherited) @executable_path/Frameworks";
				PRODUCT_NAME = "$(TARGET_NAME)";
			};
			name = Release;
		};
		88B1D7D61A159BE400F02BB1 /* Debug */ = {
			isa = XCBuildConfiguration;
			buildSettings = {
				BUNDLE_LOADER = "$(TEST_HOST)";
				FRAMEWORK_SEARCH_PATHS = (
					"$(SDKROOT)/Developer/Library/Frameworks",
					"$(inherited)",
				);
				GCC_PREPROCESSOR_DEFINITIONS = (
					"DEBUG=1",
					"$(inherited)",
				);
				INFOPLIST_FILE = "RGB SlidersTests/Info.plist";
				LD_RUNPATH_SEARCH_PATHS = "$(inherited) @executable_path/Frameworks @loader_path/Frameworks";
				PRODUCT_NAME = "$(TARGET_NAME)";
				TEST_HOST = "$(BUILT_PRODUCTS_DIR)/RGB Sliders.app/RGB Sliders";
			};
			name = Debug;
		};
		88B1D7D71A159BE400F02BB1 /* Release */ = {
			isa = XCBuildConfiguration;
			buildSettings = {
				BUNDLE_LOADER = "$(TEST_HOST)";
				FRAMEWORK_SEARCH_PATHS = (
					"$(SDKROOT)/Developer/Library/Frameworks",
					"$(inherited)",
				);
				INFOPLIST_FILE = "RGB SlidersTests/Info.plist";
				LD_RUNPATH_SEARCH_PATHS = "$(inherited) @executable_path/Frameworks @loader_path/Frameworks";
				PRODUCT_NAME = "$(TARGET_NAME)";
				TEST_HOST = "$(BUILT_PRODUCTS_DIR)/RGB Sliders.app/RGB Sliders";
			};
			name = Release;
		};
/* End XCBuildConfiguration section */

/* Begin XCConfigurationList section */
		88B1D7AE1A159BE400F02BB1 /* Build configuration list for PBXProject "RGB Sliders" */ = {
			isa = XCConfigurationList;
			buildConfigurations = (
				88B1D7D01A159BE400F02BB1 /* Debug */,
				88B1D7D11A159BE400F02BB1 /* Release */,
			);
			defaultConfigurationIsVisible = 0;
			defaultConfigurationName = Release;
		};
		88B1D7D21A159BE400F02BB1 /* Build configuration list for PBXNativeTarget "RGB Sliders" */ = {
			isa = XCConfigurationList;
			buildConfigurations = (
				88B1D7D31A159BE400F02BB1 /* Debug */,
				88B1D7D41A159BE400F02BB1 /* Release */,
			);
			defaultConfigurationIsVisible = 0;
			defaultConfigurationName = Release;
		};
		88B1D7D51A159BE400F02BB1 /* Build configuration list for PBXNativeTarget "RGB SlidersTests" */ = {
			isa = XCConfigurationList;
			buildConfigurations = (
				88B1D7D61A159BE400F02BB1 /* Debug */,
				88B1D7D71A159BE400F02BB1 /* Release */,
			);
			defaultConfigurationIsVisible = 0;
			defaultConfigurationName = Release;
		};
/* End XCConfigurationList section */
	};
	rootObject = 88B1D7AB1A159BE400F02BB1 /* Project object */;
}
